
Microsoft Visual Studio Solution File, Format Version 11.00
# Visual Studio 2010
Project("{FAE04EC0-301F-11D3-BF4B-00C04F79EFBC}") = "MvcTurbine.NoRM", "MvcTurbine.NoRM\MvcTurbine.NoRM.csproj", "{05DDD5D4-3CDE-4908-93DF-A3427980BD63}"
EndProject
Project("{FAE04EC0-301F-11D3-BF4B-00C04F79EFBC}") = "MvcTurbine.NoRM.Tests", "MvcTurbine.NoRM.Tests\MvcTurbine.NoRM.Tests.csproj", "{67ABAC60-FE5B-4193-9E98-3EFF9B158498}"
EndProject
Project("{FAE04EC0-301F-11D3-BF4B-00C04F79EFBC}") = "SampleApplication", "SampleApplication\SampleApplication.csproj", "{360539EC-0B63-4F69-8688-132042932677}"
EndProject
Global
	GlobalSection(SolutionConfigurationPlatforms) = preSolution
		Debug|Any CPU = Debug|Any CPU
		Release|Any CPU = Release|Any CPU
	EndGlobalSection
	GlobalSection(ProjectConfigurationPlatforms) = postSolution
		{05DDD5D4-3CDE-4908-93DF-A3427980BD63}.Debug|Any CPU.ActiveCfg = Debug|Any CPU
		{05DDD5D4-3CDE-4908-93DF-A3427980BD63}.Debug|Any CPU.Build.0 = Debug|Any CPU
		{05DDD5D4-3CDE-4908-93DF-A3427980BD63}.Release|Any CPU.ActiveCfg = Release|Any CPU
		{05DDD5D4-3CDE-4908-93DF-A3427980BD63}.Release|Any CPU.Build.0 = Release|Any CPU
		{67ABAC60-FE5B-4193-9E98-3EFF9B158498}.Debug|Any CPU.ActiveCfg = Debug|Any CPU
		{67ABAC60-FE5B-4193-9E98-3EFF9B158498}.Debug|Any CPU.Build.0 = Debug|Any CPU
		{67ABAC60-FE5B-4193-9E98-3EFF9B158498}.Release|Any CPU.ActiveCfg = Release|Any CPU
		{67ABAC60-FE5B-4193-9E98-3EFF9B158498}.Release|Any CPU.Build.0 = Release|Any CPU
		{360539EC-0B63-4F69-8688-132042932677}.Debug|Any CPU.ActiveCfg = Debug|Any CPU
		{360539EC-0B63-4F69-8688-132042932677}.Debug|Any CPU.Build.0 = Debug|Any CPU
		{360539EC-0B63-4F69-8688-132042932677}.Release|Any CPU.ActiveCfg = Release|Any CPU
		{360539EC-0B63-4F69-8688-132042932677}.Release|Any CPU.Build.0 = Release|Any CPU
	EndGlobalSection
	GlobalSection(SolutionProperties) = preSolution
		HideSolutionNode = FALSE
	EndGlobalSection
EndGlobal
